// !$*UTF8*$!
{
	archiveVersion = 1;
	classes = {
	};
	objectVersion = 46;
	objects = {

/* Begin PBXBuildFile section */
		979C535019AFEA9A00A3FC02 /* Foundation.framework in Frameworks */ = {isa = PBXBuildFile; fileRef = 979C534F19AFEA9A00A3FC02 /* Foundation.framework */; };
		979C535219AFEA9A00A3FC02 /* CoreGraphics.framework in Frameworks */ = {isa = PBXBuildFile; fileRef = 979C535119AFEA9A00A3FC02 /* CoreGraphics.framework */; };
		979C535419AFEA9A00A3FC02 /* UIKit.framework in Frameworks */ = {isa = PBXBuildFile; fileRef = 979C535319AFEA9A00A3FC02 /* UIKit.framework */; };
		979C535A19AFEA9B00A3FC02 /* InfoPlist.strings in Resources */ = {isa = PBXBuildFile; fileRef = 979C535819AFEA9B00A3FC02 /* InfoPlist.strings */; };
		979C535C19AFEA9B00A3FC02 /* main.m in Sources */ = {isa = PBXBuildFile; fileRef = 979C535B19AFEA9B00A3FC02 /* main.m */; };
		979C536019AFEA9B00A3FC02 /* WIMAppDelegate.m in Sources */ = {isa = PBXBuildFile; fileRef = 979C535F19AFEA9B00A3FC02 /* WIMAppDelegate.m */; };
		979C536219AFEA9B00A3FC02 /* Images.xcassets in Resources */ = {isa = PBXBuildFile; fileRef = 979C536119AFEA9B00A3FC02 /* Images.xcassets */; };
		979C536919AFEA9B00A3FC02 /* XCTest.framework in Frameworks */ = {isa = PBXBuildFile; fileRef = 979C536819AFEA9B00A3FC02 /* XCTest.framework */; };
		979C536A19AFEA9B00A3FC02 /* Foundation.framework in Frameworks */ = {isa = PBXBuildFile; fileRef = 979C534F19AFEA9A00A3FC02 /* Foundation.framework */; };
		979C536B19AFEA9B00A3FC02 /* UIKit.framework in Frameworks */ = {isa = PBXBuildFile; fileRef = 979C535319AFEA9A00A3FC02 /* UIKit.framework */; };
		979C537319AFEA9B00A3FC02 /* InfoPlist.strings in Resources */ = {isa = PBXBuildFile; fileRef = 979C537119AFEA9B00A3FC02 /* InfoPlist.strings */; };
		979C537519AFEA9B00A3FC02 /* WimcycleTests.m in Sources */ = {isa = PBXBuildFile; fileRef = 979C537419AFEA9B00A3FC02 /* WimcycleTests.m */; };
/* End PBXBuildFile section */

/* Begin PBXContainerItemProxy section */
		979C536C19AFEA9B00A3FC02 /* PBXContainerItemProxy */ = {
			isa = PBXContainerItemProxy;
			containerPortal = 979C534419AFEA9A00A3FC02 /* Project object */;
			proxyType = 1;
			remoteGlobalIDString = 979C534B19AFEA9A00A3FC02;
			remoteInfo = Wimcycle;
		};
/* End PBXContainerItemProxy section */

/* Begin PBXFileReference section */
		979C534C19AFEA9A00A3FC02 /* Wimcycle.app */ = {isa = PBXFileReference; explicitFileType = wrapper.application; includeInIndex = 0; path = Wimcycle.app; sourceTree = BUILT_PRODUCTS_DIR; };
		979C534F19AFEA9A00A3FC02 /* Foundation.framework */ = {isa = PBXFileReference; lastKnownFileType = wrapper.framework; name = Foundation.framework; path = System/Library/Frameworks/Foundation.framework; sourceTree = SDKROOT; };
		979C535119AFEA9A00A3FC02 /* CoreGraphics.framework */ = {isa = PBXFileReference; lastKnownFileType = wrapper.framework; name = CoreGraphics.framework; path = System/Library/Frameworks/CoreGraphics.framework; sourceTree = SDKROOT; };
		979C535319AFEA9A00A3FC02 /* UIKit.framework */ = {isa = PBXFileReference; lastKnownFileType = wrapper.framework; name = UIKit.framework; path = System/Library/Frameworks/UIKit.framework; sourceTree = SDKROOT; };
		979C535719AFEA9B00A3FC02 /* Wimcycle-Info.plist */ = {isa = PBXFileReference; lastKnownFileType = text.plist.xml; path = "Wimcycle-Info.plist"; sourceTree = "<group>"; };
		979C535919AFEA9B00A3FC02 /* en */ = {isa = PBXFileReference; lastKnownFileType = text.plist.strings; name = en; path = en.lproj/InfoPlist.strings; sourceTree = "<group>"; };
		979C535B19AFEA9B00A3FC02 /* main.m */ = {isa = PBXFileReference; lastKnownFileType = sourcecode.c.objc; path = main.m; sourceTree = "<group>"; };
		979C535D19AFEA9B00A3FC02 /* Wimcycle-Prefix.pch */ = {isa = PBXFileReference; lastKnownFileType = sourcecode.c.h; path = "Wimcycle-Prefix.pch"; sourceTree = "<group>"; };
		979C535E19AFEA9B00A3FC02 /* WIMAppDelegate.h */ = {isa = PBXFileReference; lastKnownFileType = sourcecode.c.h; path = WIMAppDelegate.h; sourceTree = "<group>"; };
		979C535F19AFEA9B00A3FC02 /* WIMAppDelegate.m */ = {isa = PBXFileReference; lastKnownFileType = sourcecode.c.objc; path = WIMAppDelegate.m; sourceTree = "<group>"; };
		979C536119AFEA9B00A3FC02 /* Images.xcassets */ = {isa = PBXFileReference; lastKnownFileType = folder.assetcatalog; path = Images.xcassets; sourceTree = "<group>"; };
		979C536719AFEA9B00A3FC02 /* WimcycleTests.xctest */ = {isa = PBXFileReference; explicitFileType = wrapper.cfbundle; includeInIndex = 0; path = WimcycleTests.xctest; sourceTree = BUILT_PRODUCTS_DIR; };
		979C536819AFEA9B00A3FC02 /* XCTest.framework */ = {isa = PBXFileReference; lastKnownFileType = wrapper.framework; name = XCTest.framework; path = Library/Frameworks/XCTest.framework; sourceTree = DEVELOPER_DIR; };
		979C537019AFEA9B00A3FC02 /* WimcycleTests-Info.plist */ = {isa = PBXFileReference; lastKnownFileType = text.plist.xml; path = "WimcycleTests-Info.plist"; sourceTree = "<group>"; };
		979C537219AFEA9B00A3FC02 /* en */ = {isa = PBXFileReference; lastKnownFileType = text.plist.strings; name = en; path = en.lproj/InfoPlist.strings; sourceTree = "<group>"; };
		979C537419AFEA9B00A3FC02 /* WimcycleTests.m */ = {isa = PBXFileReference; lastKnownFileType = sourcecode.c.objc; path = WimcycleTests.m; sourceTree = "<group>"; };
/* End PBXFileReference section */

/* Begin PBXFrameworksBuildPhase section */
		979C534919AFEA9A00A3FC02 /* Frameworks */ = {
			isa = PBXFrameworksBuildPhase;
			buildActionMask = 2147483647;
			files = (
				979C535219AFEA9A00A3FC02 /* CoreGraphics.framework in Frameworks */,
				979C535419AFEA9A00A3FC02 /* UIKit.framework in Frameworks */,
				979C535019AFEA9A00A3FC02 /* Foundation.framework in Frameworks */,
			);
			runOnlyForDeploymentPostprocessing = 0;
		};
		979C536419AFEA9B00A3FC02 /* Frameworks */ = {
			isa = PBXFrameworksBuildPhase;
			buildActionMask = 2147483647;
			files = (
				979C536919AFEA9B00A3FC02 /* XCTest.framework in Frameworks */,
				979C536B19AFEA9B00A3FC02 /* UIKit.framework in Frameworks */,
				979C536A19AFEA9B00A3FC02 /* Foundation.framework in Frameworks */,
			);
			runOnlyForDeploymentPostprocessing = 0;
		};
/* End PBXFrameworksBuildPhase section */

/* Begin PBXGroup section */
		979C534319AFEA9A00A3FC02 = {
			isa = PBXGroup;
			children = (
				979C535519AFEA9B00A3FC02 /* Wimcycle */,
				979C536E19AFEA9B00A3FC02 /* WimcycleTests */,
				979C534E19AFEA9A00A3FC02 /* Frameworks */,
				979C534D19AFEA9A00A3FC02 /* Products */,
			);
			sourceTree = "<group>";
		};
		979C534D19AFEA9A00A3FC02 /* Products */ = {
			isa = PBXGroup;
			children = (
				979C534C19AFEA9A00A3FC02 /* Wimcycle.app */,
				979C536719AFEA9B00A3FC02 /* WimcycleTests.xctest */,
			);
			name = Products;
			sourceTree = "<group>";
		};
		979C534E19AFEA9A00A3FC02 /* Frameworks */ = {
			isa = PBXGroup;
			children = (
				979C534F19AFEA9A00A3FC02 /* Foundation.framework */,
				979C535119AFEA9A00A3FC02 /* CoreGraphics.framework */,
				979C535319AFEA9A00A3FC02 /* UIKit.framework */,
				979C536819AFEA9B00A3FC02 /* XCTest.framework */,
			);
			name = Frameworks;
			sourceTree = "<group>";
		};
		979C535519AFEA9B00A3FC02 /* Wimcycle */ = {
			isa = PBXGroup;
			children = (
				979C535E19AFEA9B00A3FC02 /* WIMAppDelegate.h */,
				979C535F19AFEA9B00A3FC02 /* WIMAppDelegate.m */,
				979C536119AFEA9B00A3FC02 /* Images.xcassets */,
				979C535619AFEA9B00A3FC02 /* Supporting Files */,
			);
			path = Wimcycle;
			sourceTree = "<group>";
		};
		979C535619AFEA9B00A3FC02 /* Supporting Files */ = {
			isa = PBXGroup;
			children = (
				979C535719AFEA9B00A3FC02 /* Wimcycle-Info.plist */,
				979C535819AFEA9B00A3FC02 /* InfoPlist.strings */,
				979C535B19AFEA9B00A3FC02 /* main.m */,
				979C535D19AFEA9B00A3FC02 /* Wimcycle-Prefix.pch */,
			);
			name = "Supporting Files";
			sourceTree = "<group>";
		};
		979C536E19AFEA9B00A3FC02 /* WimcycleTests */ = {
			isa = PBXGroup;
			children = (
				979C537419AFEA9B00A3FC02 /* WimcycleTests.m */,
				979C536F19AFEA9B00A3FC02 /* Supporting Files */,
			);
			path = WimcycleTests;
			sourceTree = "<group>";
		};
		979C536F19AFEA9B00A3FC02 /* Supporting Files */ = {
			isa = PBXGroup;
			children = (
				979C537019AFEA9B00A3FC02 /* WimcycleTests-Info.plist */,
				979C537119AFEA9B00A3FC02 /* InfoPlist.strings */,
			);
			name = "Supporting Files";
			sourceTree = "<group>";
		};
/* End PBXGroup section */

/* Begin PBXNativeTarget section */
		979C534B19AFEA9A00A3FC02 /* Wimcycle */ = {
			isa = PBXNativeTarget;
			buildConfigurationList = 979C537819AFEA9B00A3FC02 /* Build configuration list for PBXNativeTarget "Wimcycle" */;
			buildPhases = (
				979C534819AFEA9A00A3FC02 /* Sources */,
				979C534919AFEA9A00A3FC02 /* Frameworks */,
				979C534A19AFEA9A00A3FC02 /* Resources */,
			);
			buildRules = (
			);
			dependencies = (
			);
			name = Wimcycle;
			productName = Wimcycle;
			productReference = 979C534C19AFEA9A00A3FC02 /* Wimcycle.app */;
			productType = "com.apple.product-type.application";
		};
		979C536619AFEA9B00A3FC02 /* WimcycleTests */ = {
			isa = PBXNativeTarget;
			buildConfigurationList = 979C537B19AFEA9B00A3FC02 /* Build configuration list for PBXNativeTarget "WimcycleTests" */;
			buildPhases = (
				979C536319AFEA9B00A3FC02 /* Sources */,
				979C536419AFEA9B00A3FC02 /* Frameworks */,
				979C536519AFEA9B00A3FC02 /* Resources */,
			);
			buildRules = (
			);
			dependencies = (
				979C536D19AFEA9B00A3FC02 /* PBXTargetDependency */,
			);
			name = WimcycleTests;
			productName = WimcycleTests;
			productReference = 979C536719AFEA9B00A3FC02 /* WimcycleTests.xctest */;
			productType = "com.apple.product-type.bundle.unit-test";
		};
/* End PBXNativeTarget section */

/* Begin PBXProject section */
		979C534419AFEA9A00A3FC02 /* Project object */ = {
			isa = PBXProject;
			attributes = {
				CLASSPREFIX = WIM;
				LastUpgradeCheck = 0510;
				ORGANIZATIONNAME = ggyCode;
				TargetAttributes = {
					979C536619AFEA9B00A3FC02 = {
						TestTargetID = 979C534B19AFEA9A00A3FC02;
					};
				};
			};
			buildConfigurationList = 979C534719AFEA9A00A3FC02 /* Build configuration list for PBXProject "Wimcycle" */;
			compatibilityVersion = "Xcode 3.2";
			developmentRegion = English;
			hasScannedForEncodings = 0;
			knownRegions = (
				en,
			);
			mainGroup = 979C534319AFEA9A00A3FC02;
			productRefGroup = 979C534D19AFEA9A00A3FC02 /* Products */;
			projectDirPath = "";
			projectRoot = "";
			targets = (
				979C534B19AFEA9A00A3FC02 /* Wimcycle */,
				979C536619AFEA9B00A3FC02 /* WimcycleTests */,
			);
		};
/* End PBXProject section */

/* Begin PBXResourcesBuildPhase section */
		979C534A19AFEA9A00A3FC02 /* Resources */ = {
			isa = PBXResourcesBuildPhase;
			buildActionMask = 2147483647;
			files = (
				979C535A19AFEA9B00A3FC02 /* InfoPlist.strings in Resources */,
				979C536219AFEA9B00A3FC02 /* Images.xcassets in Resources */,
			);
			runOnlyForDeploymentPostprocessing = 0;
		};
		979C536519AFEA9B00A3FC02 /* Resources */ = {
			isa = PBXResourcesBuildPhase;
			buildActionMask = 2147483647;
			files = (
				979C537319AFEA9B00A3FC02 /* InfoPlist.strings in Resources */,
			);
			runOnlyForDeploymentPostprocessing = 0;
		};
/* End PBXResourcesBuildPhase section */

/* Begin PBXSourcesBuildPhase section */
		979C534819AFEA9A00A3FC02 /* Sources */ = {
			isa = PBXSourcesBuildPhase;
			buildActionMask = 2147483647;
			files = (
				979C536019AFEA9B00A3FC02 /* WIMAppDelegate.m in Sources */,
				979C535C19AFEA9B00A3FC02 /* main.m in Sources */,
			);
			runOnlyForDeploymentPostprocessing = 0;
		};
		979C536319AFEA9B00A3FC02 /* Sources */ = {
			isa = PBXSourcesBuildPhase;
			buildActionMask = 2147483647;
			files = (
				979C537519AFEA9B00A3FC02 /* WimcycleTests.m in Sources */,
			);
			runOnlyForDeploymentPostprocessing = 0;
		};
/* End PBXSourcesBuildPhase section */

/* Begin PBXTargetDependency section */
		979C536D19AFEA9B00A3FC02 /* PBXTargetDependency */ = {
			isa = PBXTargetDependency;
			target = 979C534B19AFEA9A00A3FC02 /* Wimcycle */;
			targetProxy = 979C536C19AFEA9B00A3FC02 /* PBXContainerItemProxy */;
		};
/* End PBXTargetDependency section */

/* Begin PBXVariantGroup section */
		979C535819AFEA9B00A3FC02 /* InfoPlist.strings */ = {
			isa = PBXVariantGroup;
			children = (
				979C535919AFEA9B00A3FC02 /* en */,
			);
			name = InfoPlist.strings;
			sourceTree = "<group>";
		};
		979C537119AFEA9B00A3FC02 /* InfoPlist.strings */ = {
			isa = PBXVariantGroup;
			children = (
				979C537219AFEA9B00A3FC02 /* en */,
			);
			name = InfoPlist.strings;
			sourceTree = "<group>";
		};
/* End PBXVariantGroup section */

/* Begin XCBuildConfiguration section */
		979C537619AFEA9B00A3FC02 /* Debug */ = {
			isa = XCBuildConfiguration;
			buildSettings = {
				ALWAYS_SEARCH_USER_PATHS = NO;
				CLANG_CXX_LANGUAGE_STANDARD = "gnu++0x";
				CLANG_CXX_LIBRARY = "libc++";
				CLANG_ENABLE_MODULES = YES;
				CLANG_ENABLE_OBJC_ARC = YES;
				CLANG_WARN_BOOL_CONVERSION = YES;
				CLANG_WARN_CONSTANT_CONVERSION = YES;
				CLANG_WARN_DIRECT_OBJC_ISA_USAGE = YES_ERROR;
				CLANG_WARN_EMPTY_BODY = YES;
				CLANG_WARN_ENUM_CONVERSION = YES;
				CLANG_WARN_INT_CONVERSION = YES;
				CLANG_WARN_OBJC_ROOT_CLASS = YES_ERROR;
				CLANG_WARN__DUPLICATE_METHOD_MATCH = YES;
				"CODE_SIGN_IDENTITY[sdk=iphoneos*]" = "iPhone Developer";
				COPY_PHASE_STRIP = NO;
				GCC_C_LANGUAGE_STANDARD = gnu99;
				GCC_DYNAMIC_NO_PIC = NO;
				GCC_OPTIMIZATION_LEVEL = 0;
				GCC_PREPROCESSOR_DEFINITIONS = (
					"DEBUG=1",
					"$(inherited)",
				);
				GCC_SYMBOLS_PRIVATE_EXTERN = NO;
				GCC_WARN_64_TO_32_BIT_CONVERSION = YES;
				GCC_WARN_ABOUT_RETURN_TYPE = YES_ERROR;
				GCC_WARN_UNDECLARED_SELECTOR = YES;
				GCC_WARN_UNINITIALIZED_AUTOS = YES_AGGRESSIVE;
				GCC_WARN_UNUSED_FUNCTION = YES;
				GCC_WARN_UNUSED_VARIABLE = YES;
				IPHONEOS_DEPLOYMENT_TARGET = 7.1;
				ONLY_ACTIVE_ARCH = YES;
				SDKROOT = iphoneos;
			};
			name = Debug;
		};
		979C537719AFEA9B00A3FC02 /* Release */ = {
			isa = XCBuildConfiguration;
			buildSettings = {
				ALWAYS_SEARCH_USER_PATHS = NO;
				CLANG_CXX_LANGUAGE_STANDARD = "gnu++0x";
				CLANG_CXX_LIBRARY = "libc++";
				CLANG_ENABLE_MODULES = YES;
				CLANG_ENABLE_OBJC_ARC = YES;
				CLANG_WARN_BOOL_CONVERSION = YES;
				CLANG_WARN_CONSTANT_CONVERSION = YES;
				CLANG_WARN_DIRECT_OBJC_ISA_USAGE = YES_ERROR;
				CLANG_WARN_EMPTY_BODY = YES;
				CLANG_WARN_ENUM_CONVERSION = YES;
				CLANG_WARN_INT_CONVERSION = YES;
				CLANG_WARN_OBJC_ROOT_CLASS = YES_ERROR;
				CLANG_WARN__DUPLICATE_METHOD_MATCH = YES;
				"CODE_SIGN_IDENTITY[sdk=iphoneos*]" = "iPhone Developer";
				COPY_PHASE_STRIP = YES;
				ENABLE_NS_ASSERTIONS = NO;
				GCC_C_LANGUAGE_STANDARD = gnu99;
				GCC_WARN_64_TO_32_BIT_CONVERSION = YES;
				GCC_WARN_ABOUT_RETURN_TYPE = YES_ERROR;
				GCC_WARN_UNDECLARED_SELECTOR = YES;
				GCC_WARN_UNINITIALIZED_AUTOS = YES_AGGRESSIVE;
				GCC_WARN_UNUSED_FUNCTION = YES;
				GCC_WARN_UNUSED_VARIABLE = YES;
				IPHONEOS_DEPLOYMENT_TARGET = 7.1;
				SDKROOT = iphoneos;
				VALIDATE_PRODUCT = YES;
			};
			name = Release;
		};
		979C537919AFEA9B00A3FC02 /* Debug */ = {
			isa = XCBuildConfiguration;
			buildSettings = {
				ASSETCATALOG_COMPILER_APPICON_NAME = AppIcon;
				ASSETCATALOG_COMPILER_LAUNCHIMAGE_NAME = LaunchImage;
				GCC_PRECOMPILE_PREFIX_HEADER = YES;
				GCC_PREFIX_HEADER = "Wimcycle/Wimcycle-Prefix.pch";
				INFOPLIST_FILE = "Wimcycle/Wimcycle-Info.plist";
				PRODUCT_NAME = "$(TARGET_NAME)";
				WRAPPER_EXTENSION = app;
			};
			name = Debug;
		};
		979C537A19AFEA9B00A3FC02 /* Release */ = {
			isa = XCBuildConfiguration;
			buildSettings = {
				ASSETCATALOG_COMPILER_APPICON_NAME = AppIcon;
				ASSETCATALOG_COMPILER_LAUNCHIMAGE_NAME = LaunchImage;
				GCC_PRECOMPILE_PREFIX_HEADER = YES;
				GCC_PREFIX_HEADER = "Wimcycle/Wimcycle-Prefix.pch";
				INFOPLIST_FILE = "Wimcycle/Wimcycle-Info.plist";
				PRODUCT_NAME = "$(TARGET_NAME)";
				WRAPPER_EXTENSION = app;
			};
			name = Release;
		};
		979C537C19AFEA9B00A3FC02 /* Debug */ = {
			isa = XCBuildConfiguration;
			buildSettings = {
				BUNDLE_LOADER = "$(BUILT_PRODUCTS_DIR)/Wimcycle.app/Wimcycle";
				FRAMEWORK_SEARCH_PATHS = (
					"$(SDKROOT)/Developer/Library/Frameworks",
					"$(inherited)",
					"$(DEVELOPER_FRAMEWORKS_DIR)",
				);
				GCC_PRECOMPILE_PREFIX_HEADER = YES;
				GCC_PREFIX_HEADER = "Wimcycle/Wimcycle-Prefix.pch";
				GCC_PREPROCESSOR_DEFINITIONS = (
					"DEBUG=1",
					"$(inherited)",
				);
				INFOPLIST_FILE = "WimcycleTests/WimcycleTests-Info.plist";
				PRODUCT_NAME = "$(TARGET_NAME)";
				TEST_HOST = "$(BUNDLE_LOADER)";
				WRAPPER_EXTENSION = xctest;
			};
			name = Debug;
		};
		979C537D19AFEA9B00A3FC02 /* Release */ = {
			isa = XCBuildConfiguration;
			buildSettings = {
				BUNDLE_LOADER = "$(BUILT_PRODUCTS_DIR)/Wimcycle.app/Wimcycle";
				FRAMEWORK_SEARCH_PATHS = (
					"$(SDKROOT)/Developer/Library/Frameworks",
					"$(inherited)",
					"$(DEVELOPER_FRAMEWORKS_DIR)",
				);
				GCC_PRECOMPILE_PREFIX_HEADER = YES;
				GCC_PREFIX_HEADER = "Wimcycle/Wimcycle-Prefix.pch";
				INFOPLIST_FILE = "WimcycleTests/WimcycleTests-Info.plist";
				PRODUCT_NAME = "$(TARGET_NAME)";
				TEST_HOST = "$(BUNDLE_LOADER)";
				WRAPPER_EXTENSION = xctest;
			};
			name = Release;
		};
/* End XCBuildConfiguration section */

/* Begin XCConfigurationList section */
		979C534719AFEA9A00A3FC02 /* Build configuration list for PBXProject "Wimcycle" */ = {
			isa = XCConfigurationList;
			buildConfigurations = (
				979C537619AFEA9B00A3FC02 /* Debug */,
				979C537719AFEA9B00A3FC02 /* Release */,
			);
			defaultConfigurationIsVisible = 0;
			defaultConfigurationName = Release;
		};
		979C537819AFEA9B00A3FC02 /* Build configuration list for PBXNativeTarget "Wimcycle" */ = {
			isa = XCConfigurationList;
			buildConfigurations = (
				979C537919AFEA9B00A3FC02 /* Debug */,
				979C537A19AFEA9B00A3FC02 /* Release */,
			);
			defaultConfigurationIsVisible = 0;
		};
		979C537B19AFEA9B00A3FC02 /* Build configuration list for PBXNativeTarget "WimcycleTests" */ = {
			isa = XCConfigurationList;
			buildConfigurations = (
				979C537C19AFEA9B00A3FC02 /* Debug */,
				979C537D19AFEA9B00A3FC02 /* Release */,
			);
			defaultConfigurationIsVisible = 0;
		};
/* End XCConfigurationList section */
	};
	rootObject = 979C534419AFEA9A00A3FC02 /* Project object */;
}
